// !$*UTF8*$!
{
	archiveVersion = 1;
	classes = {
	};
	objectVersion = 48;
	objects = {

/* Begin PBXBuildFile section */
		1D74401E206C889C008D0CF9 /* Constants.swift in Sources */ = {isa = PBXBuildFile; fileRef = 1D74401D206C889C008D0CF9 /* Constants.swift */; };
		1D744020206C8D3A008D0CF9 /* LoginVC.swift in Sources */ = {isa = PBXBuildFile; fileRef = 1D74401F206C8D3A008D0CF9 /* LoginVC.swift */; };
		1DA0BA3C206C94A9009A272C /* CreateAccountVC.swift in Sources */ = {isa = PBXBuildFile; fileRef = 1DA0BA3B206C94A9009A272C /* CreateAccountVC.swift */; };
		1DA0BA3E206DDEC8009A272C /* AvatarPickerVC.swift in Sources */ = {isa = PBXBuildFile; fileRef = 1DA0BA3D206DDEC8009A272C /* AvatarPickerVC.swift */; };
		1DA0BA40206DE092009A272C /* AvatarCell.swift in Sources */ = {isa = PBXBuildFile; fileRef = 1DA0BA3F206DE092009A272C /* AvatarCell.swift */; };
		1DA0BA42206DEFD2009A272C /* CircleImage.swift in Sources */ = {isa = PBXBuildFile; fileRef = 1DA0BA41206DEFD2009A272C /* CircleImage.swift */; };
		1DA0BA45206E97F3009A272C /* ProfileVC.swift in Sources */ = {isa = PBXBuildFile; fileRef = 1DA0BA43206E97F3009A272C /* ProfileVC.swift */; };
		1DA0BA46206E97F3009A272C /* ProfileVC.xib in Resources */ = {isa = PBXBuildFile; fileRef = 1DA0BA44206E97F3009A272C /* ProfileVC.xib */; };
		1DF7F665206F26EE007ACC41 /* Channel.swift in Sources */ = {isa = PBXBuildFile; fileRef = 1DF7F664206F26EE007ACC41 /* Channel.swift */; };
		1DF7F669206F2FCF007ACC41 /* MessageService.swift in Sources */ = {isa = PBXBuildFile; fileRef = 1DF7F668206F2FCF007ACC41 /* MessageService.swift */; };
		1DF7F66B207082B9007ACC41 /* ChannelCell.swift in Sources */ = {isa = PBXBuildFile; fileRef = 1DF7F66A207082B9007ACC41 /* ChannelCell.swift */; };
		1DF7F66E20708D23007ACC41 /* AddChannelVC.swift in Sources */ = {isa = PBXBuildFile; fileRef = 1DF7F66C20708D23007ACC41 /* AddChannelVC.swift */; };
		1DF7F66F20708D23007ACC41 /* AddChannelVC.xib in Resources */ = {isa = PBXBuildFile; fileRef = 1DF7F66D20708D23007ACC41 /* AddChannelVC.xib */; };
		1DF7F67120713F31007ACC41 /* SocketService.swift in Sources */ = {isa = PBXBuildFile; fileRef = 1DF7F67020713F31007ACC41 /* SocketService.swift */; };
		4D47FC1A2073E17A007C5BC3 /* KeyboardBoundView.swift in Sources */ = {isa = PBXBuildFile; fileRef = 4D47FC192073E17A007C5BC3 /* KeyboardBoundView.swift */; };
		4D47FC1C2073E4D8007C5BC3 /* MessageCell.swift in Sources */ = {isa = PBXBuildFile; fileRef = 4D47FC1B2073E4D8007C5BC3 /* MessageCell.swift */; };
		4D7A9438206C380400F12BC5 /* AppDelegate.swift in Sources */ = {isa = PBXBuildFile; fileRef = 4D7A9437206C380400F12BC5 /* AppDelegate.swift */; };
		4D7A943D206C380400F12BC5 /* Main.storyboard in Resources */ = {isa = PBXBuildFile; fileRef = 4D7A943B206C380400F12BC5 /* Main.storyboard */; };
		4D7A943F206C380400F12BC5 /* Assets.xcassets in Resources */ = {isa = PBXBuildFile; fileRef = 4D7A943E206C380400F12BC5 /* Assets.xcassets */; };
		4D7A9442206C380400F12BC5 /* LaunchScreen.storyboard in Resources */ = {isa = PBXBuildFile; fileRef = 4D7A9440206C380400F12BC5 /* LaunchScreen.storyboard */; };
		4D7A944D206C47E700F12BC5 /* SWRevealViewController.m in Sources */ = {isa = PBXBuildFile; fileRef = 4D7A944C206C47E700F12BC5 /* SWRevealViewController.m */; };
		4D7A9452206C4B6700F12BC5 /* ChatVC.swift in Sources */ = {isa = PBXBuildFile; fileRef = 4D7A9451206C4B6700F12BC5 /* ChatVC.swift */; };
		4D7A9454206C4B7900F12BC5 /* ChannelVC.swift in Sources */ = {isa = PBXBuildFile; fileRef = 4D7A9453206C4B7900F12BC5 /* ChannelVC.swift */; };
		4D7A9456206C4F8100F12BC5 /* GradientView.swift in Sources */ = {isa = PBXBuildFile; fileRef = 4D7A9455206C4F8100F12BC5 /* GradientView.swift */; };
		4D7A9459206D459900F12BC5 /* AuthService.swift in Sources */ = {isa = PBXBuildFile; fileRef = 4D7A9458206D459900F12BC5 /* AuthService.swift */; };
		4D7A945B206D688700F12BC5 /* RoundedButton.swift in Sources */ = {isa = PBXBuildFile; fileRef = 4D7A945A206D688700F12BC5 /* RoundedButton.swift */; };
		4D7A945D206D7DEE00F12BC5 /* UserDataService.swift in Sources */ = {isa = PBXBuildFile; fileRef = 4D7A945C206D7DEE00F12BC5 /* UserDataService.swift */; };
		4DAC3DD32073C3AA005FAD2F /* Message.swift in Sources */ = {isa = PBXBuildFile; fileRef = 4DAC3DD22073C3AA005FAD2F /* Message.swift */; };
		AB0D84AE70CA44FE4A34366F /* Pods_smack.framework in Frameworks */ = {isa = PBXBuildFile; fileRef = D4446DFDA8C63D95405C1E6C /* Pods_smack.framework */; };
/* End PBXBuildFile section */

/* Begin PBXFileReference section */
		03DD92D2B38FB00F607D9622 /* Pods-smack.debug.xcconfig */ = {isa = PBXFileReference; includeInIndex = 1; lastKnownFileType = text.xcconfig; name = "Pods-smack.debug.xcconfig"; path = "Pods/Target Support Files/Pods-smack/Pods-smack.debug.xcconfig"; sourceTree = "<group>"; };
		0AC8C556804A3773647DCA84 /* Pods-smack.release.xcconfig */ = {isa = PBXFileReference; includeInIndex = 1; lastKnownFileType = text.xcconfig; name = "Pods-smack.release.xcconfig"; path = "Pods/Target Support Files/Pods-smack/Pods-smack.release.xcconfig"; sourceTree = "<group>"; };
		1D74401D206C889C008D0CF9 /* Constants.swift */ = {isa = PBXFileReference; lastKnownFileType = sourcecode.swift; path = Constants.swift; sourceTree = "<group>"; };
		1D74401F206C8D3A008D0CF9 /* LoginVC.swift */ = {isa = PBXFileReference; lastKnownFileType = sourcecode.swift; path = LoginVC.swift; sourceTree = "<group>"; };
		1DA0BA3B206C94A9009A272C /* CreateAccountVC.swift */ = {isa = PBXFileReference; lastKnownFileType = sourcecode.swift; path = CreateAccountVC.swift; sourceTree = "<group>"; };
		1DA0BA3D206DDEC8009A272C /* AvatarPickerVC.swift */ = {isa = PBXFileReference; lastKnownFileType = sourcecode.swift; path = AvatarPickerVC.swift; sourceTree = "<group>"; };
		1DA0BA3F206DE092009A272C /* AvatarCell.swift */ = {isa = PBXFileReference; lastKnownFileType = sourcecode.swift; path = AvatarCell.swift; sourceTree = "<group>"; };
		1DA0BA41206DEFD2009A272C /* CircleImage.swift */ = {isa = PBXFileReference; lastKnownFileType = sourcecode.swift; path = CircleImage.swift; sourceTree = "<group>"; };
		1DA0BA43206E97F3009A272C /* ProfileVC.swift */ = {isa = PBXFileReference; lastKnownFileType = sourcecode.swift; path = ProfileVC.swift; sourceTree = "<group>"; };
		1DA0BA44206E97F3009A272C /* ProfileVC.xib */ = {isa = PBXFileReference; lastKnownFileType = file.xib; path = ProfileVC.xib; sourceTree = "<group>"; };
		1DF7F664206F26EE007ACC41 /* Channel.swift */ = {isa = PBXFileReference; lastKnownFileType = sourcecode.swift; name = Channel.swift; path = smack/Controller/Channel.swift; sourceTree = SOURCE_ROOT; };
		1DF7F668206F2FCF007ACC41 /* MessageService.swift */ = {isa = PBXFileReference; lastKnownFileType = sourcecode.swift; path = MessageService.swift; sourceTree = "<group>"; };
		1DF7F66A207082B9007ACC41 /* ChannelCell.swift */ = {isa = PBXFileReference; lastKnownFileType = sourcecode.swift; path = ChannelCell.swift; sourceTree = "<group>"; };
		1DF7F66C20708D23007ACC41 /* AddChannelVC.swift */ = {isa = PBXFileReference; lastKnownFileType = sourcecode.swift; path = AddChannelVC.swift; sourceTree = "<group>"; };
		1DF7F66D20708D23007ACC41 /* AddChannelVC.xib */ = {isa = PBXFileReference; lastKnownFileType = file.xib; path = AddChannelVC.xib; sourceTree = "<group>"; };
		1DF7F67020713F31007ACC41 /* SocketService.swift */ = {isa = PBXFileReference; lastKnownFileType = sourcecode.swift; path = SocketService.swift; sourceTree = "<group>"; };
		4D47FC192073E17A007C5BC3 /* KeyboardBoundView.swift */ = {isa = PBXFileReference; lastKnownFileType = sourcecode.swift; path = KeyboardBoundView.swift; sourceTree = "<group>"; };
		4D47FC1B2073E4D8007C5BC3 /* MessageCell.swift */ = {isa = PBXFileReference; lastKnownFileType = sourcecode.swift; path = MessageCell.swift; sourceTree = "<group>"; };
		4D7A9434206C380400F12BC5 /* smack.app */ = {isa = PBXFileReference; explicitFileType = wrapper.application; includeInIndex = 0; path = smack.app; sourceTree = BUILT_PRODUCTS_DIR; };
		4D7A9437206C380400F12BC5 /* AppDelegate.swift */ = {isa = PBXFileReference; lastKnownFileType = sourcecode.swift; path = AppDelegate.swift; sourceTree = "<group>"; };
		4D7A943C206C380400F12BC5 /* Base */ = {isa = PBXFileReference; lastKnownFileType = file.storyboard; name = Base; path = Base.lproj/Main.storyboard; sourceTree = "<group>"; };
		4D7A943E206C380400F12BC5 /* Assets.xcassets */ = {isa = PBXFileReference; lastKnownFileType = folder.assetcatalog; path = Assets.xcassets; sourceTree = "<group>"; };
		4D7A9441206C380400F12BC5 /* Base */ = {isa = PBXFileReference; lastKnownFileType = file.storyboard; name = Base; path = Base.lproj/LaunchScreen.storyboard; sourceTree = "<group>"; };
		4D7A9443206C380400F12BC5 /* Info.plist */ = {isa = PBXFileReference; lastKnownFileType = text.plist.xml; path = Info.plist; sourceTree = "<group>"; };
		4D7A944A206C47E600F12BC5 /* smack-Bridging-Header.h */ = {isa = PBXFileReference; lastKnownFileType = sourcecode.c.h; path = "smack-Bridging-Header.h"; sourceTree = "<group>"; };
		4D7A944B206C47E700F12BC5 /* SWRevealViewController.h */ = {isa = PBXFileReference; fileEncoding = 4; lastKnownFileType = sourcecode.c.h; path = SWRevealViewController.h; sourceTree = "<group>"; };
		4D7A944C206C47E700F12BC5 /* SWRevealViewController.m */ = {isa = PBXFileReference; fileEncoding = 4; lastKnownFileType = sourcecode.c.objc; path = SWRevealViewController.m; sourceTree = "<group>"; };
		4D7A9451206C4B6700F12BC5 /* ChatVC.swift */ = {isa = PBXFileReference; lastKnownFileType = sourcecode.swift; path = ChatVC.swift; sourceTree = "<group>"; };
		4D7A9453206C4B7900F12BC5 /* ChannelVC.swift */ = {isa = PBXFileReference; lastKnownFileType = sourcecode.swift; path = ChannelVC.swift; sourceTree = "<group>"; };
		4D7A9455206C4F8100F12BC5 /* GradientView.swift */ = {isa = PBXFileReference; lastKnownFileType = sourcecode.swift; path = GradientView.swift; sourceTree = "<group>"; };
		4D7A9458206D459900F12BC5 /* AuthService.swift */ = {isa = PBXFileReference; lastKnownFileType = sourcecode.swift; path = AuthService.swift; sourceTree = "<group>"; };
		4D7A945A206D688700F12BC5 /* RoundedButton.swift */ = {isa = PBXFileReference; lastKnownFileType = sourcecode.swift; path = RoundedButton.swift; sourceTree = "<group>"; };
		4D7A945C206D7DEE00F12BC5 /* UserDataService.swift */ = {isa = PBXFileReference; lastKnownFileType = sourcecode.swift; path = UserDataService.swift; sourceTree = "<group>"; };
		4DAC3DD22073C3AA005FAD2F /* Message.swift */ = {isa = PBXFileReference; lastKnownFileType = sourcecode.swift; path = Message.swift; sourceTree = "<group>"; };
		D4446DFDA8C63D95405C1E6C /* Pods_smack.framework */ = {isa = PBXFileReference; explicitFileType = wrapper.framework; includeInIndex = 0; path = Pods_smack.framework; sourceTree = BUILT_PRODUCTS_DIR; };
/* End PBXFileReference section */

/* Begin PBXFrameworksBuildPhase section */
		4D7A9431206C380400F12BC5 /* Frameworks */ = {
			isa = PBXFrameworksBuildPhase;
			buildActionMask = 2147483647;
			files = (
				AB0D84AE70CA44FE4A34366F /* Pods_smack.framework in Frameworks */,
			);
			runOnlyForDeploymentPostprocessing = 0;
		};
/* End PBXFrameworksBuildPhase section */

/* Begin PBXGroup section */
		1D74401C206C8886008D0CF9 /* Utilities */ = {
			isa = PBXGroup;
			children = (
				1D74401D206C889C008D0CF9 /* Constants.swift */,
			);
			path = Utilities;
			sourceTree = "<group>";
		};
		1DA0BA47206E9812009A272C /* XIBs */ = {
			isa = PBXGroup;
			children = (
				1DA0BA44206E97F3009A272C /* ProfileVC.xib */,
				1DF7F66D20708D23007ACC41 /* AddChannelVC.xib */,
			);
			path = XIBs;
			sourceTree = "<group>";
		};
		4D7A942B206C380400F12BC5 = {
			isa = PBXGroup;
			children = (
				4D7A9436206C380400F12BC5 /* smack */,
				4D7A9435206C380400F12BC5 /* Products */,
				6549E6400C7CF6320CB3E2D4 /* Pods */,
				913C2BFD6030C09E91AD1E96 /* Frameworks */,
			);
			sourceTree = "<group>";
		};
		4D7A9435206C380400F12BC5 /* Products */ = {
			isa = PBXGroup;
			children = (
				4D7A9434206C380400F12BC5 /* smack.app */,
			);
			name = Products;
			sourceTree = "<group>";
		};
		4D7A9436206C380400F12BC5 /* smack */ = {
			isa = PBXGroup;
			children = (
				1DA0BA47206E9812009A272C /* XIBs */,
				4D7A9457206D458500F12BC5 /* Services */,
				1D74401C206C8886008D0CF9 /* Utilities */,
				4D7A9450206C4B3A00F12BC5 /* Model */,
				4D7A944F206C4B3500F12BC5 /* View */,
				4D7A944E206C4B2D00F12BC5 /* Controller */,
				4D7A9449206C47D400F12BC5 /* SupportingFiles */,
				4D7A9437206C380400F12BC5 /* AppDelegate.swift */,
				4D7A943B206C380400F12BC5 /* Main.storyboard */,
				4D7A943E206C380400F12BC5 /* Assets.xcassets */,
				4D7A9440206C380400F12BC5 /* LaunchScreen.storyboard */,
				4D7A9443206C380400F12BC5 /* Info.plist */,
			);
			path = smack;
			sourceTree = "<group>";
		};
		4D7A9449206C47D400F12BC5 /* SupportingFiles */ = {
			isa = PBXGroup;
			children = (
				4D7A944B206C47E700F12BC5 /* SWRevealViewController.h */,
				4D7A944C206C47E700F12BC5 /* SWRevealViewController.m */,
				4D7A944A206C47E600F12BC5 /* smack-Bridging-Header.h */,
			);
			path = SupportingFiles;
			sourceTree = "<group>";
		};
		4D7A944E206C4B2D00F12BC5 /* Controller */ = {
			isa = PBXGroup;
			children = (
				4D7A9451206C4B6700F12BC5 /* ChatVC.swift */,
				4D7A9453206C4B7900F12BC5 /* ChannelVC.swift */,
				1D74401F206C8D3A008D0CF9 /* LoginVC.swift */,
				1DA0BA3B206C94A9009A272C /* CreateAccountVC.swift */,
				1DA0BA3D206DDEC8009A272C /* AvatarPickerVC.swift */,
				1DA0BA43206E97F3009A272C /* ProfileVC.swift */,
				1DF7F66C20708D23007ACC41 /* AddChannelVC.swift */,
			);
			path = Controller;
			sourceTree = "<group>";
		};
		4D7A944F206C4B3500F12BC5 /* View */ = {
			isa = PBXGroup;
			children = (
				4D47FC192073E17A007C5BC3 /* KeyboardBoundView.swift */,
				4D7A9455206C4F8100F12BC5 /* GradientView.swift */,
				4D7A945A206D688700F12BC5 /* RoundedButton.swift */,
				1DA0BA3F206DE092009A272C /* AvatarCell.swift */,
				1DA0BA41206DEFD2009A272C /* CircleImage.swift */,
				1DF7F66A207082B9007ACC41 /* ChannelCell.swift */,
				4D47FC1B2073E4D8007C5BC3 /* MessageCell.swift */,
			);
			path = View;
			sourceTree = "<group>";
		};
		4D7A9450206C4B3A00F12BC5 /* Model */ = {
			isa = PBXGroup;
			children = (
				1DF7F664206F26EE007ACC41 /* Channel.swift */,
				4DAC3DD22073C3AA005FAD2F /* Message.swift */,
			);
			path = Model;
			sourceTree = "<group>";
		};
		4D7A9457206D458500F12BC5 /* Services */ = {
			isa = PBXGroup;
			children = (
				4D7A9458206D459900F12BC5 /* AuthService.swift */,
				4D7A945C206D7DEE00F12BC5 /* UserDataService.swift */,
				1DF7F668206F2FCF007ACC41 /* MessageService.swift */,
				1DF7F67020713F31007ACC41 /* SocketService.swift */,
			);
			path = Services;
			sourceTree = "<group>";
		};
		6549E6400C7CF6320CB3E2D4 /* Pods */ = {
			isa = PBXGroup;
			children = (
				03DD92D2B38FB00F607D9622 /* Pods-smack.debug.xcconfig */,
				0AC8C556804A3773647DCA84 /* Pods-smack.release.xcconfig */,
			);
			name = Pods;
			sourceTree = "<group>";
		};
		913C2BFD6030C09E91AD1E96 /* Frameworks */ = {
			isa = PBXGroup;
			children = (
				D4446DFDA8C63D95405C1E6C /* Pods_smack.framework */,
			);
			name = Frameworks;
			sourceTree = "<group>";
		};
/* End PBXGroup section */

/* Begin PBXNativeTarget section */
		4D7A9433206C380400F12BC5 /* smack */ = {
			isa = PBXNativeTarget;
			buildConfigurationList = 4D7A9446206C380400F12BC5 /* Build configuration list for PBXNativeTarget "smack" */;
			buildPhases = (
				CCF78ADEB463630C59217857 /* [CP] Check Pods Manifest.lock */,
				4D7A9430206C380400F12BC5 /* Sources */,
				4D7A9431206C380400F12BC5 /* Frameworks */,
				4D7A9432206C380400F12BC5 /* Resources */,
				C085659708EED5CEAD1BC0B3 /* [CP] Embed Pods Frameworks */,
				43EF9E95F09C7E04F1210B7A /* [CP] Copy Pods Resources */,
			);
			buildRules = (
			);
			dependencies = (
			);
			name = smack;
			productName = smack;
			productReference = 4D7A9434206C380400F12BC5 /* smack.app */;
			productType = "com.apple.product-type.application";
		};
/* End PBXNativeTarget section */

/* Begin PBXProject section */
		4D7A942C206C380400F12BC5 /* Project object */ = {
			isa = PBXProject;
			attributes = {
				LastSwiftUpdateCheck = 0920;
				LastUpgradeCheck = 0920;
				ORGANIZATIONNAME = "Rick Pearce";
				TargetAttributes = {
					4D7A9433206C380400F12BC5 = {
						CreatedOnToolsVersion = 9.2;
						LastSwiftMigration = 0920;
						ProvisioningStyle = Automatic;
					};
				};
			};
			buildConfigurationList = 4D7A942F206C380400F12BC5 /* Build configuration list for PBXProject "smack" */;
			compatibilityVersion = "Xcode 8.0";
			developmentRegion = en;
			hasScannedForEncodings = 0;
			knownRegions = (
				en,
				Base,
			);
			mainGroup = 4D7A942B206C380400F12BC5;
			productRefGroup = 4D7A9435206C380400F12BC5 /* Products */;
			projectDirPath = "";
			projectRoot = "";
			targets = (
				4D7A9433206C380400F12BC5 /* smack */,
			);
		};
/* End PBXProject section */

/* Begin PBXResourcesBuildPhase section */
		4D7A9432206C380400F12BC5 /* Resources */ = {
			isa = PBXResourcesBuildPhase;
			buildActionMask = 2147483647;
			files = (
				1DF7F66F20708D23007ACC41 /* AddChannelVC.xib in Resources */,
				1DA0BA46206E97F3009A272C /* ProfileVC.xib in Resources */,
				4D7A9442206C380400F12BC5 /* LaunchScreen.storyboard in Resources */,
				4D7A943F206C380400F12BC5 /* Assets.xcassets in Resources */,
				4D7A943D206C380400F12BC5 /* Main.storyboard in Resources */,
			);
			runOnlyForDeploymentPostprocessing = 0;
		};
/* End PBXResourcesBuildPhase section */

/* Begin PBXShellScriptBuildPhase section */
		43EF9E95F09C7E04F1210B7A /* [CP] Copy Pods Resources */ = {
			isa = PBXShellScriptBuildPhase;
			buildActionMask = 2147483647;
			files = (
			);
			inputPaths = (
			);
			name = "[CP] Copy Pods Resources";
			outputPaths = (
			);
			runOnlyForDeploymentPostprocessing = 0;
			shellPath = /bin/sh;
			shellScript = "\"${SRCROOT}/Pods/Target Support Files/Pods-smack/Pods-smack-resources.sh\"\n";
			showEnvVarsInLog = 0;
		};
		C085659708EED5CEAD1BC0B3 /* [CP] Embed Pods Frameworks */ = {
			isa = PBXShellScriptBuildPhase;
			buildActionMask = 2147483647;
			files = (
			);
			inputPaths = (
				"${SRCROOT}/Pods/Target Support Files/Pods-smack/Pods-smack-frameworks.sh",
				"${BUILT_PRODUCTS_DIR}/Alamofire/Alamofire.framework",
				"${BUILT_PRODUCTS_DIR}/Socket.IO-Client-Swift/SocketIO.framework",
				"${BUILT_PRODUCTS_DIR}/SwiftyJSON/SwiftyJSON.framework",
			);
			name = "[CP] Embed Pods Frameworks";
			outputPaths = (
				"${TARGET_BUILD_DIR}/${FRAMEWORKS_FOLDER_PATH}/Alamofire.framework",
				"${TARGET_BUILD_DIR}/${FRAMEWORKS_FOLDER_PATH}/SocketIO.framework",
				"${TARGET_BUILD_DIR}/${FRAMEWORKS_FOLDER_PATH}/SwiftyJSON.framework",
			);
			runOnlyForDeploymentPostprocessing = 0;
			shellPath = /bin/sh;
			shellScript = "\"${SRCROOT}/Pods/Target Support Files/Pods-smack/Pods-smack-frameworks.sh\"\n";
			showEnvVarsInLog = 0;
		};
		CCF78ADEB463630C59217857 /* [CP] Check Pods Manifest.lock */ = {
			isa = PBXShellScriptBuildPhase;
			buildActionMask = 2147483647;
			files = (
			);
			inputPaths = (
				"${PODS_PODFILE_DIR_PATH}/Podfile.lock",
				"${PODS_ROOT}/Manifest.lock",
			);
			name = "[CP] Check Pods Manifest.lock";
			outputPaths = (
				"$(DERIVED_FILE_DIR)/Pods-smack-checkManifestLockResult.txt",
			);
			runOnlyForDeploymentPostprocessing = 0;
			shellPath = /bin/sh;
			shellScript = "diff \"${PODS_PODFILE_DIR_PATH}/Podfile.lock\" \"${PODS_ROOT}/Manifest.lock\" > /dev/null\nif [ $? != 0 ] ; then\n    # print error to STDERR\n    echo \"error: The sandbox is not in sync with the Podfile.lock. Run 'pod install' or update your CocoaPods installation.\" >&2\n    exit 1\nfi\n# This output is used by Xcode 'outputs' to avoid re-running this script phase.\necho \"SUCCESS\" > \"${SCRIPT_OUTPUT_FILE_0}\"\n";
			showEnvVarsInLog = 0;
		};
/* End PBXShellScriptBuildPhase section */

/* Begin PBXSourcesBuildPhase section */
		4D7A9430206C380400F12BC5 /* Sources */ = {
			isa = PBXSourcesBuildPhase;
			buildActionMask = 2147483647;
			files = (
				4D47FC1A2073E17A007C5BC3 /* KeyboardBoundView.swift in Sources */,
				1DF7F67120713F31007ACC41 /* SocketService.swift in Sources */,
				1DA0BA45206E97F3009A272C /* ProfileVC.swift in Sources */,
				1DF7F66B207082B9007ACC41 /* ChannelCell.swift in Sources */,
				1DF7F665206F26EE007ACC41 /* Channel.swift in Sources */,
				4D7A9454206C4B7900F12BC5 /* ChannelVC.swift in Sources */,
				4D47FC1C2073E4D8007C5BC3 /* MessageCell.swift in Sources */,
				1DA0BA3E206DDEC8009A272C /* AvatarPickerVC.swift in Sources */,
				4DAC3DD32073C3AA005FAD2F /* Message.swift in Sources */,
				4D7A945B206D688700F12BC5 /* RoundedButton.swift in Sources */,
				1DA0BA42206DEFD2009A272C /* CircleImage.swift in Sources */,
				1DF7F669206F2FCF007ACC41 /* MessageService.swift in Sources */,
				4D7A9452206C4B6700F12BC5 /* ChatVC.swift in Sources */,
				4D7A945D206D7DEE00F12BC5 /* UserDataService.swift in Sources */,
				1DA0BA3C206C94A9009A272C /* CreateAccountVC.swift in Sources */,
				4D7A9459206D459900F12BC5 /* AuthService.swift in Sources */,
				1D744020206C8D3A008D0CF9 /* LoginVC.swift in Sources */,
				1DF7F66E20708D23007ACC41 /* AddChannelVC.swift in Sources */,
				4D7A9456206C4F8100F12BC5 /* GradientView.swift in Sources */,
				1DA0BA40206DE092009A272C /* AvatarCell.swift in Sources */,
				4D7A9438206C380400F12BC5 /* AppDelegate.swift in Sources */,
				4D7A944D206C47E700F12BC5 /* SWRevealViewController.m in Sources */,
				1D74401E206C889C008D0CF9 /* Constants.swift in Sources */,
			);
			runOnlyForDeploymentPostprocessing = 0;
		};
/* End PBXSourcesBuildPhase section */

/* Begin PBXVariantGroup section */
		4D7A943B206C380400F12BC5 /* Main.storyboard */ = {
			isa = PBXVariantGroup;
			children = (
				4D7A943C206C380400F12BC5 /* Base */,
			);
			name = Main.storyboard;
			sourceTree = "<group>";
		};
		4D7A9440206C380400F12BC5 /* LaunchScreen.storyboard */ = {
			isa = PBXVariantGroup;
			children = (
				4D7A9441206C380400F12BC5 /* Base */,
			);
			name = LaunchScreen.storyboard;
			sourceTree = "<group>";
		};
/* End PBXVariantGroup section */

/* Begin XCBuildConfiguration section */
		4D7A9444206C380400F12BC5 /* Debug */ = {
			isa = XCBuildConfiguration;
			buildSettings = {
				ALWAYS_SEARCH_USER_PATHS = NO;
				CLANG_ANALYZER_NONNULL = YES;
				CLANG_ANALYZER_NUMBER_OBJECT_CONVERSION = YES_AGGRESSIVE;
				CLANG_CXX_LANGUAGE_STANDARD = "gnu++14";
				CLANG_CXX_LIBRARY = "libc++";
				CLANG_ENABLE_MODULES = YES;
				CLANG_ENABLE_OBJC_ARC = YES;
				CLANG_WARN_BLOCK_CAPTURE_AUTORELEASING = YES;
				CLANG_WARN_BOOL_CONVERSION = YES;
				CLANG_WARN_COMMA = YES;
				CLANG_WARN_CONSTANT_CONVERSION = YES;
				CLANG_WARN_DIRECT_OBJC_ISA_USAGE = YES_ERROR;
				CLANG_WARN_DOCUMENTATION_COMMENTS = YES;
				CLANG_WARN_EMPTY_BODY = YES;
				CLANG_WARN_ENUM_CONVERSION = YES;
				CLANG_WARN_INFINITE_RECURSION = YES;
				CLANG_WARN_INT_CONVERSION = YES;
				CLANG_WARN_NON_LITERAL_NULL_CONVERSION = YES;
				CLANG_WARN_OBJC_LITERAL_CONVERSION = YES;
				CLANG_WARN_OBJC_ROOT_CLASS = YES_ERROR;
				CLANG_WARN_RANGE_LOOP_ANALYSIS = YES;
				CLANG_WARN_STRICT_PROTOTYPES = YES;
				CLANG_WARN_SUSPICIOUS_MOVE = YES;
				CLANG_WARN_UNGUARDED_AVAILABILITY = YES_AGGRESSIVE;
				CLANG_WARN_UNREACHABLE_CODE = YES;
				CLANG_WARN__DUPLICATE_METHOD_MATCH = YES;
				CODE_SIGN_IDENTITY = "iPhone Developer";
				COPY_PHASE_STRIP = NO;
				DEBUG_INFORMATION_FORMAT = dwarf;
				ENABLE_STRICT_OBJC_MSGSEND = YES;
				ENABLE_TESTABILITY = YES;
				GCC_C_LANGUAGE_STANDARD = gnu11;
				GCC_DYNAMIC_NO_PIC = NO;
				GCC_NO_COMMON_BLOCKS = YES;
				GCC_OPTIMIZATION_LEVEL = 0;
				GCC_PREPROCESSOR_DEFINITIONS = (
					"DEBUG=1",
					"$(inherited)",
				);
				GCC_WARN_64_TO_32_BIT_CONVERSION = YES;
				GCC_WARN_ABOUT_RETURN_TYPE = YES_ERROR;
				GCC_WARN_UNDECLARED_SELECTOR = YES;
				GCC_WARN_UNINITIALIZED_AUTOS = YES_AGGRESSIVE;
				GCC_WARN_UNUSED_FUNCTION = YES;
				GCC_WARN_UNUSED_VARIABLE = YES;
				IPHONEOS_DEPLOYMENT_TARGET = 11.2;
				MTL_ENABLE_DEBUG_INFO = YES;
				ONLY_ACTIVE_ARCH = YES;
				SDKROOT = iphoneos;
				SWIFT_ACTIVE_COMPILATION_CONDITIONS = DEBUG;
				SWIFT_OPTIMIZATION_LEVEL = "-Onone";
			};
			name = Debug;
		};
		4D7A9445206C380400F12BC5 /* Release */ = {
			isa = XCBuildConfiguration;
			buildSettings = {
				ALWAYS_SEARCH_USER_PATHS = NO;
				CLANG_ANALYZER_NONNULL = YES;
				CLANG_ANALYZER_NUMBER_OBJECT_CONVERSION = YES_AGGRESSIVE;
				CLANG_CXX_LANGUAGE_STANDARD = "gnu++14";
				CLANG_CXX_LIBRARY = "libc++";
				CLANG_ENABLE_MODULES = YES;
				CLANG_ENABLE_OBJC_ARC = YES;
				CLANG_WARN_BLOCK_CAPTURE_AUTORELEASING = YES;
				CLANG_WARN_BOOL_CONVERSION = YES;
				CLANG_WARN_COMMA = YES;
				CLANG_WARN_CONSTANT_CONVERSION = YES;
				CLANG_WARN_DIRECT_OBJC_ISA_USAGE = YES_ERROR;
				CLANG_WARN_DOCUMENTATION_COMMENTS = YES;
				CLANG_WARN_EMPTY_BODY = YES;
				CLANG_WARN_ENUM_CONVERSION = YES;
				CLANG_WARN_INFINITE_RECURSION = YES;
				CLANG_WARN_INT_CONVERSION = YES;
				CLANG_WARN_NON_LITERAL_NULL_CONVERSION = YES;
				CLANG_WARN_OBJC_LITERAL_CONVERSION = YES;
				CLANG_WARN_OBJC_ROOT_CLASS = YES_ERROR;
				CLANG_WARN_RANGE_LOOP_ANALYSIS = YES;
				CLANG_WARN_STRICT_PROTOTYPES = YES;
				CLANG_WARN_SUSPICIOUS_MOVE = YES;
				CLANG_WARN_UNGUARDED_AVAILABILITY = YES_AGGRESSIVE;
				CLANG_WARN_UNREACHABLE_CODE = YES;
				CLANG_WARN__DUPLICATE_METHOD_MATCH = YES;
				CODE_SIGN_IDENTITY = "iPhone Developer";
				COPY_PHASE_STRIP = NO;
				DEBUG_INFORMATION_FORMAT = "dwarf-with-dsym";
				ENABLE_NS_ASSERTIONS = NO;
				ENABLE_STRICT_OBJC_MSGSEND = YES;
				GCC_C_LANGUAGE_STANDARD = gnu11;
				GCC_NO_COMMON_BLOCKS = YES;
				GCC_WARN_64_TO_32_BIT_CONVERSION = YES;
				GCC_WARN_ABOUT_RETURN_TYPE = YES_ERROR;
				GCC_WARN_UNDECLARED_SELECTOR = YES;
				GCC_WARN_UNINITIALIZED_AUTOS = YES_AGGRESSIVE;
				GCC_WARN_UNUSED_FUNCTION = YES;
				GCC_WARN_UNUSED_VARIABLE = YES;
				IPHONEOS_DEPLOYMENT_TARGET = 11.2;
				MTL_ENABLE_DEBUG_INFO = NO;
				SDKROOT = iphoneos;
				SWIFT_OPTIMIZATION_LEVEL = "-Owholemodule";
				VALIDATE_PRODUCT = YES;
			};
			name = Release;
		};
		4D7A9447206C380400F12BC5 /* Debug */ = {
			isa = XCBuildConfiguration;
			baseConfigurationReference = 03DD92D2B38FB00F607D9622 /* Pods-smack.debug.xcconfig */;
			buildSettings = {
				ASSETCATALOG_COMPILER_APPICON_NAME = AppIcon;
				CLANG_ENABLE_MODULES = YES;
				CODE_SIGN_STYLE = Automatic;
				DEVELOPMENT_TEAM = 7UVW89GGJ4;
				INFOPLIST_FILE = smack/Info.plist;
				LD_RUNPATH_SEARCH_PATHS = "$(inherited) @executable_path/Frameworks";
				PRODUCT_BUNDLE_IDENTIFIER = com.pearce.smack;
				PRODUCT_NAME = "$(TARGET_NAME)";
				SWIFT_OBJC_BRIDGING_HEADER = "smack/SupportingFiles/smack-Bridging-Header.h";
				SWIFT_OPTIMIZATION_LEVEL = "-Onone";
				SWIFT_VERSION = 4.0;
				TARGETED_DEVICE_FAMILY = "1,2";
			};
			name = Debug;
		};
		4D7A9448206C380400F12BC5 /* Release */ = {
			isa = XCBuildConfiguration;
			baseConfigurationReference = 0AC8C556804A3773647DCA84 /* Pods-smack.release.xcconfig */;
			buildSettings = {
				ASSETCATALOG_COMPILER_APPICON_NAME = AppIcon;
				CLANG_ENABLE_MODULES = YES;
				CODE_SIGN_STYLE = Automatic;
				DEVELOPMENT_TEAM = 7UVW89GGJ4;
				INFOPLIST_FILE = smack/Info.plist;
				LD_RUNPATH_SEARCH_PATHS = "$(inherited) @executable_path/Frameworks";
				PRODUCT_BUNDLE_IDENTIFIER = com.pearce.smack;
				PRODUCT_NAME = "$(TARGET_NAME)";
				SWIFT_OBJC_BRIDGING_HEADER = "smack/SupportingFiles/smack-Bridging-Header.h";
				SWIFT_VERSION = 4.0;
				TARGETED_DEVICE_FAMILY = "1,2";
			};
			name = Release;
		};
/* End XCBuildConfiguration section */

/* Begin XCConfigurationList section */
		4D7A942F206C380400F12BC5 /* Build configuration list for PBXProject "smack" */ = {
			isa = XCConfigurationList;
			buildConfigurations = (
				4D7A9444206C380400F12BC5 /* Debug */,
				4D7A9445206C380400F12BC5 /* Release */,
			);
			defaultConfigurationIsVisible = 0;
			defaultConfigurationName = Release;
		};
		4D7A9446206C380400F12BC5 /* Build configuration list for PBXNativeTarget "smack" */ = {
			isa = XCConfigurationList;
			buildConfigurations = (
				4D7A9447206C380400F12BC5 /* Debug */,
				4D7A9448206C380400F12BC5 /* Release */,
			);
			defaultConfigurationIsVisible = 0;
			defaultConfigurationName = Release;
		};
/* End XCConfigurationList section */
	};
	rootObject = 4D7A942C206C380400F12BC5 /* Project object */;
}
